// !$*UTF8*$!
{
	archiveVersion = 1;
	classes = {
	};
	objectVersion = 48;
	objects = {

/* Begin PBXBuildFile section */
		7A1A9E07209228D200ED7A2D /* AppDelegate.m in Sources */ = {isa = PBXBuildFile; fileRef = 7A1A9E06209228D200ED7A2D /* AppDelegate.m */; };
		7A1A9E0A209228D200ED7A2D /* ViewController.m in Sources */ = {isa = PBXBuildFile; fileRef = 7A1A9E09209228D200ED7A2D /* ViewController.m */; };
		7A1A9E0D209228D200ED7A2D /* Main.storyboard in Resources */ = {isa = PBXBuildFile; fileRef = 7A1A9E0B209228D200ED7A2D /* Main.storyboard */; };
		7A1A9E0F209228D200ED7A2D /* Assets.xcassets in Resources */ = {isa = PBXBuildFile; fileRef = 7A1A9E0E209228D200ED7A2D /* Assets.xcassets */; };
		7A1A9E12209228D200ED7A2D /* LaunchScreen.storyboard in Resources */ = {isa = PBXBuildFile; fileRef = 7A1A9E10209228D200ED7A2D /* LaunchScreen.storyboard */; };
		7A1A9E15209228D200ED7A2D /* main.m in Sources */ = {isa = PBXBuildFile; fileRef = 7A1A9E14209228D200ED7A2D /* main.m */; };
		7A1A9E2B2092294000ED7A2D /* HFCircleImageView.m in Sources */ = {isa = PBXBuildFile; fileRef = 7A1A9E212092294000ED7A2D /* HFCircleImageView.m */; };
		7A1A9E2C2092294000ED7A2D /* HFNumberTextField.m in Sources */ = {isa = PBXBuildFile; fileRef = 7A1A9E222092294000ED7A2D /* HFNumberTextField.m */; };
		7A1A9E2D2092294000ED7A2D /* AvatarListView.m in Sources */ = {isa = PBXBuildFile; fileRef = 7A1A9E232092294000ED7A2D /* AvatarListView.m */; };
		7A1A9E2E2092294000ED7A2D /* MaskView.m in Sources */ = {isa = PBXBuildFile; fileRef = 7A1A9E252092294000ED7A2D /* MaskView.m */; };
		7A1A9E2F2092294000ED7A2D /* FHClipImageViewController.m in Sources */ = {isa = PBXBuildFile; fileRef = 7A1A9E262092294000ED7A2D /* FHClipImageViewController.m */; };
		7A1A9E302092294000ED7A2D /* FHSegmentView.m in Sources */ = {isa = PBXBuildFile; fileRef = 7A1A9E292092294000ED7A2D /* FHSegmentView.m */; };
		7A1A9E312092294000ED7A2D /* YZVerifyButton.m in Sources */ = {isa = PBXBuildFile; fileRef = 7A1A9E2A2092294000ED7A2D /* YZVerifyButton.m */; };
		999E444D51896F835CC820F8 /* Pods_Demo.framework in Frameworks */ = {isa = PBXBuildFile; fileRef = 7DB73B169CA6B886C8BB41FE /* Pods_Demo.framework */; };
/* End PBXBuildFile section */

/* Begin PBXFileReference section */
		3909049414347F906A2A27CF /* Pods-Demo.release.xcconfig */ = {isa = PBXFileReference; includeInIndex = 1; lastKnownFileType = text.xcconfig; name = "Pods-Demo.release.xcconfig"; path = "Pods/Target Support Files/Pods-Demo/Pods-Demo.release.xcconfig"; sourceTree = "<group>"; };
		68648231837928FCC9009567 /* Pods-Demo.debug.xcconfig */ = {isa = PBXFileReference; includeInIndex = 1; lastKnownFileType = text.xcconfig; name = "Pods-Demo.debug.xcconfig"; path = "Pods/Target Support Files/Pods-Demo/Pods-Demo.debug.xcconfig"; sourceTree = "<group>"; };
		7A1A9E02209228D200ED7A2D /* Demo.app */ = {isa = PBXFileReference; explicitFileType = wrapper.application; includeInIndex = 0; path = Demo.app; sourceTree = BUILT_PRODUCTS_DIR; };
		7A1A9E05209228D200ED7A2D /* AppDelegate.h */ = {isa = PBXFileReference; lastKnownFileType = sourcecode.c.h; path = AppDelegate.h; sourceTree = "<group>"; };
		7A1A9E06209228D200ED7A2D /* AppDelegate.m */ = {isa = PBXFileReference; lastKnownFileType = sourcecode.c.objc; path = AppDelegate.m; sourceTree = "<group>"; };
		7A1A9E08209228D200ED7A2D /* ViewController.h */ = {isa = PBXFileReference; lastKnownFileType = sourcecode.c.h; path = ViewController.h; sourceTree = "<group>"; };
		7A1A9E09209228D200ED7A2D /* ViewController.m */ = {isa = PBXFileReference; lastKnownFileType = sourcecode.c.objc; path = ViewController.m; sourceTree = "<group>"; };
		7A1A9E0C209228D200ED7A2D /* Base */ = {isa = PBXFileReference; lastKnownFileType = file.storyboard; name = Base; path = Base.lproj/Main.storyboard; sourceTree = "<group>"; };
		7A1A9E0E209228D200ED7A2D /* Assets.xcassets */ = {isa = PBXFileReference; lastKnownFileType = folder.assetcatalog; path = Assets.xcassets; sourceTree = "<group>"; };
		7A1A9E11209228D200ED7A2D /* Base */ = {isa = PBXFileReference; lastKnownFileType = file.storyboard; name = Base; path = Base.lproj/LaunchScreen.storyboard; sourceTree = "<group>"; };
		7A1A9E13209228D200ED7A2D /* Info.plist */ = {isa = PBXFileReference; lastKnownFileType = text.plist.xml; path = Info.plist; sourceTree = "<group>"; };
		7A1A9E14209228D200ED7A2D /* main.m */ = {isa = PBXFileReference; lastKnownFileType = sourcecode.c.objc; path = main.m; sourceTree = "<group>"; };
		7A1A9E1C2092294000ED7A2D /* HFCircleImageView.h */ = {isa = PBXFileReference; fileEncoding = 4; lastKnownFileType = sourcecode.c.h; path = HFCircleImageView.h; sourceTree = "<group>"; };
		7A1A9E1D2092294000ED7A2D /* AvatarListView.h */ = {isa = PBXFileReference; fileEncoding = 4; lastKnownFileType = sourcecode.c.h; path = AvatarListView.h; sourceTree = "<group>"; };
		7A1A9E1E2092294000ED7A2D /* HFNumberTextField.h */ = {isa = PBXFileReference; fileEncoding = 4; lastKnownFileType = sourcecode.c.h; path = HFNumberTextField.h; sourceTree = "<group>"; };
		7A1A9E1F2092294000ED7A2D /* YZVerifyButton.h */ = {isa = PBXFileReference; fileEncoding = 4; lastKnownFileType = sourcecode.c.h; path = YZVerifyButton.h; sourceTree = "<group>"; };
		7A1A9E202092294000ED7A2D /* FHSegmentView.h */ = {isa = PBXFileReference; fileEncoding = 4; lastKnownFileType = sourcecode.c.h; path = FHSegmentView.h; sourceTree = "<group>"; };
		7A1A9E212092294000ED7A2D /* HFCircleImageView.m */ = {isa = PBXFileReference; fileEncoding = 4; lastKnownFileType = sourcecode.c.objc; path = HFCircleImageView.m; sourceTree = "<group>"; };
		7A1A9E222092294000ED7A2D /* HFNumberTextField.m */ = {isa = PBXFileReference; fileEncoding = 4; lastKnownFileType = sourcecode.c.objc; path = HFNumberTextField.m; sourceTree = "<group>"; };
		7A1A9E232092294000ED7A2D /* AvatarListView.m */ = {isa = PBXFileReference; fileEncoding = 4; lastKnownFileType = sourcecode.c.objc; path = AvatarListView.m; sourceTree = "<group>"; };
		7A1A9E252092294000ED7A2D /* MaskView.m */ = {isa = PBXFileReference; fileEncoding = 4; lastKnownFileType = sourcecode.c.objc; path = MaskView.m; sourceTree = "<group>"; };
		7A1A9E262092294000ED7A2D /* FHClipImageViewController.m */ = {isa = PBXFileReference; fileEncoding = 4; lastKnownFileType = sourcecode.c.objc; path = FHClipImageViewController.m; sourceTree = "<group>"; };
		7A1A9E272092294000ED7A2D /* MaskView.h */ = {isa = PBXFileReference; fileEncoding = 4; lastKnownFileType = sourcecode.c.h; path = MaskView.h; sourceTree = "<group>"; };
		7A1A9E282092294000ED7A2D /* FHClipImageViewController.h */ = {isa = PBXFileReference; fileEncoding = 4; lastKnownFileType = sourcecode.c.h; path = FHClipImageViewController.h; sourceTree = "<group>"; };
		7A1A9E292092294000ED7A2D /* FHSegmentView.m */ = {isa = PBXFileReference; fileEncoding = 4; lastKnownFileType = sourcecode.c.objc; path = FHSegmentView.m; sourceTree = "<group>"; };
		7A1A9E2A2092294000ED7A2D /* YZVerifyButton.m */ = {isa = PBXFileReference; fileEncoding = 4; lastKnownFileType = sourcecode.c.objc; path = YZVerifyButton.m; sourceTree = "<group>"; };
		7DB73B169CA6B886C8BB41FE /* Pods_Demo.framework */ = {isa = PBXFileReference; explicitFileType = wrapper.framework; includeInIndex = 0; path = Pods_Demo.framework; sourceTree = BUILT_PRODUCTS_DIR; };
/* End PBXFileReference section */

/* Begin PBXFrameworksBuildPhase section */
		7A1A9DFF209228D200ED7A2D /* Frameworks */ = {
			isa = PBXFrameworksBuildPhase;
			buildActionMask = 2147483647;
			files = (
				999E444D51896F835CC820F8 /* Pods_Demo.framework in Frameworks */,
			);
			runOnlyForDeploymentPostprocessing = 0;
		};
/* End PBXFrameworksBuildPhase section */

/* Begin PBXGroup section */
		7A1A9DF9209228D200ED7A2D = {
			isa = PBXGroup;
			children = (
				7A1A9E04209228D200ED7A2D /* Demo */,
				7A1A9E03209228D200ED7A2D /* Products */,
				E1361CA65BC9B630CD7E50CD /* Pods */,
				D0D4BF46F562665F2D992F14 /* Frameworks */,
			);
			sourceTree = "<group>";
		};
		7A1A9E03209228D200ED7A2D /* Products */ = {
			isa = PBXGroup;
			children = (
				7A1A9E02209228D200ED7A2D /* Demo.app */,
			);
			name = Products;
			sourceTree = "<group>";
		};
		7A1A9E04209228D200ED7A2D /* Demo */ = {
			isa = PBXGroup;
			children = (
				7A1A9E1B2092294000ED7A2D /* class */,
				7A1A9E05209228D200ED7A2D /* AppDelegate.h */,
				7A1A9E06209228D200ED7A2D /* AppDelegate.m */,
				7A1A9E08209228D200ED7A2D /* ViewController.h */,
				7A1A9E09209228D200ED7A2D /* ViewController.m */,
				7A1A9E0B209228D200ED7A2D /* Main.storyboard */,
				7A1A9E0E209228D200ED7A2D /* Assets.xcassets */,
				7A1A9E10209228D200ED7A2D /* LaunchScreen.storyboard */,
				7A1A9E13209228D200ED7A2D /* Info.plist */,
				7A1A9E14209228D200ED7A2D /* main.m */,
			);
			path = Demo;
			sourceTree = "<group>";
		};
		7A1A9E1B2092294000ED7A2D /* class */ = {
			isa = PBXGroup;
			children = (
				7A1A9E1C2092294000ED7A2D /* HFCircleImageView.h */,
				7A1A9E212092294000ED7A2D /* HFCircleImageView.m */,
				7A1A9E1D2092294000ED7A2D /* AvatarListView.h */,
				7A1A9E232092294000ED7A2D /* AvatarListView.m */,
				7A1A9E1E2092294000ED7A2D /* HFNumberTextField.h */,
				7A1A9E222092294000ED7A2D /* HFNumberTextField.m */,
				7A1A9E1F2092294000ED7A2D /* YZVerifyButton.h */,
				7A1A9E2A2092294000ED7A2D /* YZVerifyButton.m */,
				7A1A9E202092294000ED7A2D /* FHSegmentView.h */,
				7A1A9E292092294000ED7A2D /* FHSegmentView.m */,
				7A1A9E242092294000ED7A2D /* 图片裁剪 */,
			);
			path = class;
			sourceTree = "<group>";
		};
		7A1A9E242092294000ED7A2D /* 图片裁剪 */ = {
			isa = PBXGroup;
			children = (
				7A1A9E272092294000ED7A2D /* MaskView.h */,
				7A1A9E252092294000ED7A2D /* MaskView.m */,
				7A1A9E282092294000ED7A2D /* FHClipImageViewController.h */,
				7A1A9E262092294000ED7A2D /* FHClipImageViewController.m */,
			);
			path = "图片裁剪";
			sourceTree = "<group>";
		};
		D0D4BF46F562665F2D992F14 /* Frameworks */ = {
			isa = PBXGroup;
			children = (
				7DB73B169CA6B886C8BB41FE /* Pods_Demo.framework */,
			);
			name = Frameworks;
			sourceTree = "<group>";
		};
		E1361CA65BC9B630CD7E50CD /* Pods */ = {
			isa = PBXGroup;
			children = (
				68648231837928FCC9009567 /* Pods-Demo.debug.xcconfig */,
				3909049414347F906A2A27CF /* Pods-Demo.release.xcconfig */,
			);
			name = Pods;
			sourceTree = "<group>";
		};
/* End PBXGroup section */

/* Begin PBXNativeTarget section */
		7A1A9E01209228D200ED7A2D /* Demo */ = {
			isa = PBXNativeTarget;
			buildConfigurationList = 7A1A9E18209228D200ED7A2D /* Build configuration list for PBXNativeTarget "Demo" */;
			buildPhases = (
				253C79D930E7EF3AF987C0DC /* [CP] Check Pods Manifest.lock */,
				7A1A9DFE209228D200ED7A2D /* Sources */,
				7A1A9DFF209228D200ED7A2D /* Frameworks */,
				7A1A9E00209228D200ED7A2D /* Resources */,
				6DC9AAE5BE8B66568CB359E9 /* [CP] Embed Pods Frameworks */,
			);
			buildRules = (
			);
			dependencies = (
			);
			name = Demo;
			productName = Demo;
			productReference = 7A1A9E02209228D200ED7A2D /* Demo.app */;
			productType = "com.apple.product-type.application";
		};
/* End PBXNativeTarget section */

/* Begin PBXProject section */
		7A1A9DFA209228D200ED7A2D /* Project object */ = {
			isa = PBXProject;
			attributes = {
				LastUpgradeCheck = 0920;
				ORGANIZATIONNAME = jackson;
				TargetAttributes = {
					7A1A9E01209228D200ED7A2D = {
						CreatedOnToolsVersion = 9.2;
						ProvisioningStyle = Automatic;
					};
				};
			};
			buildConfigurationList = 7A1A9DFD209228D200ED7A2D /* Build configuration list for PBXProject "Demo" */;
			compatibilityVersion = "Xcode 8.0";
			developmentRegion = en;
			hasScannedForEncodings = 0;
			knownRegions = (
				en,
				Base,
			);
			mainGroup = 7A1A9DF9209228D200ED7A2D;
			productRefGroup = 7A1A9E03209228D200ED7A2D /* Products */;
			projectDirPath = "";
			projectRoot = "";
			targets = (
				7A1A9E01209228D200ED7A2D /* Demo */,
			);
		};
/* End PBXProject section */

/* Begin PBXResourcesBuildPhase section */
		7A1A9E00209228D200ED7A2D /* Resources */ = {
			isa = PBXResourcesBuildPhase;
			buildActionMask = 2147483647;
			files = (
				7A1A9E12209228D200ED7A2D /* LaunchScreen.storyboard in Resources */,
				7A1A9E0F209228D200ED7A2D /* Assets.xcassets in Resources */,
				7A1A9E0D209228D200ED7A2D /* Main.storyboard in Resources */,
			);
			runOnlyForDeploymentPostprocessing = 0;
		};
/* End PBXResourcesBuildPhase section */

/* Begin PBXShellScriptBuildPhase section */
		253C79D930E7EF3AF987C0DC /* [CP] Check Pods Manifest.lock */ = {
			isa = PBXShellScriptBuildPhase;
			buildActionMask = 2147483647;
			files = (
			);
			inputPaths = (
				"${PODS_PODFILE_DIR_PATH}/Podfile.lock",
				"${PODS_ROOT}/Manifest.lock",
			);
			name = "[CP] Check Pods Manifest.lock";
			outputPaths = (
				"$(DERIVED_FILE_DIR)/Pods-Demo-checkManifestLockResult.txt",
			);
			runOnlyForDeploymentPostprocessing = 0;
			shellPath = /bin/sh;
			shellScript = "diff \"${PODS_PODFILE_DIR_PATH}/Podfile.lock\" \"${PODS_ROOT}/Manifest.lock\" > /dev/null\nif [ $? != 0 ] ; then\n    # print error to STDERR\n    echo \"error: The sandbox is not in sync with the Podfile.lock. Run 'pod install' or update your CocoaPods installation.\" >&2\n    exit 1\nfi\n# This output is used by Xcode 'outputs' to avoid re-running this script phase.\necho \"SUCCESS\" > \"${SCRIPT_OUTPUT_FILE_0}\"\n";
			showEnvVarsInLog = 0;
		};
		6DC9AAE5BE8B66568CB359E9 /* [CP] Embed Pods Frameworks */ = {
			isa = PBXShellScriptBuildPhase;
			buildActionMask = 2147483647;
			files = (
			);
			inputPaths = (
				"${SRCROOT}/Pods/Target Support Files/Pods-Demo/Pods-Demo-frameworks.sh",
				"${BUILT_PRODUCTS_DIR}/Masonry/Masonry.framework",
				"${BUILT_PRODUCTS_DIR}/SDWebImage/SDWebImage.framework",
			);
			name = "[CP] Embed Pods Frameworks";
			outputPaths = (
				"${TARGET_BUILD_DIR}/${FRAMEWORKS_FOLDER_PATH}/Masonry.framework",
				"${TARGET_BUILD_DIR}/${FRAMEWORKS_FOLDER_PATH}/SDWebImage.framework",
			);
			runOnlyForDeploymentPostprocessing = 0;
			shellPath = /bin/sh;
			shellScript = "\"${SRCROOT}/Pods/Target Support Files/Pods-Demo/Pods-Demo-frameworks.sh\"\n";
			showEnvVarsInLog = 0;
		};
/* End PBXShellScriptBuildPhase section */

/* Begin PBXSourcesBuildPhase section */
		7A1A9DFE209228D200ED7A2D /* Sources */ = {
			isa = PBXSourcesBuildPhase;
			buildActionMask = 2147483647;
			files = (
				7A1A9E302092294000ED7A2D /* FHSegmentView.m in Sources */,
				7A1A9E2B2092294000ED7A2D /* HFCircleImageView.m in Sources */,
				7A1A9E0A209228D200ED7A2D /* ViewController.m in Sources */,
				7A1A9E312092294000ED7A2D /* YZVerifyButton.m in Sources */,
				7A1A9E15209228D200ED7A2D /* main.m in Sources */,
				7A1A9E2C2092294000ED7A2D /* HFNumberTextField.m in Sources */,
				7A1A9E07209228D200ED7A2D /* AppDelegate.m in Sources */,
				7A1A9E2D2092294000ED7A2D /* AvatarListView.m in Sources */,
				7A1A9E2F2092294000ED7A2D /* FHClipImageViewController.m in Sources */,
				7A1A9E2E2092294000ED7A2D /* MaskView.m in Sources */,
			);
			runOnlyForDeploymentPostprocessing = 0;
		};
/* End PBXSourcesBuildPhase section */

/* Begin PBXVariantGroup section */
		7A1A9E0B209228D200ED7A2D /* Main.storyboard */ = {
			isa = PBXVariantGroup;
			children = (
				7A1A9E0C209228D200ED7A2D /* Base */,
			);
			name = Main.storyboard;
			sourceTree = "<group>";
		};
		7A1A9E10209228D200ED7A2D /* LaunchScreen.storyboard */ = {
			isa = PBXVariantGroup;
			children = (
				7A1A9E11209228D200ED7A2D /* Base */,
			);
			name = LaunchScreen.storyboard;
			sourceTree = "<group>";
		};
/* End PBXVariantGroup section */

/* Begin XCBuildConfiguration section */
		7A1A9E16209228D200ED7A2D /* Debug */ = {
			isa = XCBuildConfiguration;
			buildSettings = {
				ALWAYS_SEARCH_USER_PATHS = NO;
				CLANG_ANALYZER_NONNULL = YES;
				CLANG_ANALYZER_NUMBER_OBJECT_CONVERSION = YES_AGGRESSIVE;
				CLANG_CXX_LANGUAGE_STANDARD = "gnu++14";
				CLANG_CXX_LIBRARY = "libc++";
				CLANG_ENABLE_MODULES = YES;
				CLANG_ENABLE_OBJC_ARC = YES;
				CLANG_WARN_BLOCK_CAPTURE_AUTORELEASING = YES;
				CLANG_WARN_BOOL_CONVERSION = YES;
				CLANG_WARN_COMMA = YES;
				CLANG_WARN_CONSTANT_CONVERSION = YES;
				CLANG_WARN_DIRECT_OBJC_ISA_USAGE = YES_ERROR;
				CLANG_WARN_DOCUMENTATION_COMMENTS = YES;
				CLANG_WARN_EMPTY_BODY = YES;
				CLANG_WARN_ENUM_CONVERSION = YES;
				CLANG_WARN_INFINITE_RECURSION = YES;
				CLANG_WARN_INT_CONVERSION = YES;
				CLANG_WARN_NON_LITERAL_NULL_CONVERSION = YES;
				CLANG_WARN_OBJC_LITERAL_CONVERSION = YES;
				CLANG_WARN_OBJC_ROOT_CLASS = YES_ERROR;
				CLANG_WARN_RANGE_LOOP_ANALYSIS = YES;
				CLANG_WARN_STRICT_PROTOTYPES = YES;
				CLANG_WARN_SUSPICIOUS_MOVE = YES;
				CLANG_WARN_UNGUARDED_AVAILABILITY = YES_AGGRESSIVE;
				CLANG_WARN_UNREACHABLE_CODE = YES;
				CLANG_WARN__DUPLICATE_METHOD_MATCH = YES;
				CODE_SIGN_IDENTITY = "iPhone Developer";
				COPY_PHASE_STRIP = NO;
				DEBUG_INFORMATION_FORMAT = dwarf;
				ENABLE_STRICT_OBJC_MSGSEND = YES;
				ENABLE_TESTABILITY = YES;
				GCC_C_LANGUAGE_STANDARD = gnu11;
				GCC_DYNAMIC_NO_PIC = NO;
				GCC_NO_COMMON_BLOCKS = YES;
				GCC_OPTIMIZATION_LEVEL = 0;
				GCC_PREPROCESSOR_DEFINITIONS = (
					"DEBUG=1",
					"$(inherited)",
				);
				GCC_WARN_64_TO_32_BIT_CONVERSION = YES;
				GCC_WARN_ABOUT_RETURN_TYPE = YES_ERROR;
				GCC_WARN_UNDECLARED_SELECTOR = YES;
				GCC_WARN_UNINITIALIZED_AUTOS = YES_AGGRESSIVE;
				GCC_WARN_UNUSED_FUNCTION = YES;
				GCC_WARN_UNUSED_VARIABLE = YES;
				IPHONEOS_DEPLOYMENT_TARGET = 11.2;
				MTL_ENABLE_DEBUG_INFO = YES;
				ONLY_ACTIVE_ARCH = YES;
				SDKROOT = iphoneos;
			};
			name = Debug;
		};
		7A1A9E17209228D200ED7A2D /* Release */ = {
			isa = XCBuildConfiguration;
			buildSettings = {
				ALWAYS_SEARCH_USER_PATHS = NO;
				CLANG_ANALYZER_NONNULL = YES;
				CLANG_ANALYZER_NUMBER_OBJECT_CONVERSION = YES_AGGRESSIVE;
				CLANG_CXX_LANGUAGE_STANDARD = "gnu++14";
				CLANG_CXX_LIBRARY = "libc++";
				CLANG_ENABLE_MODULES = YES;
				CLANG_ENABLE_OBJC_ARC = YES;
				CLANG_WARN_BLOCK_CAPTURE_AUTORELEASING = YES;
				CLANG_WARN_BOOL_CONVERSION = YES;
				CLANG_WARN_COMMA = YES;
				CLANG_WARN_CONSTANT_CONVERSION = YES;
				CLANG_WARN_DIRECT_OBJC_ISA_USAGE = YES_ERROR;
				CLANG_WARN_DOCUMENTATION_COMMENTS = YES;
				CLANG_WARN_EMPTY_BODY = YES;
				CLANG_WARN_ENUM_CONVERSION = YES;
				CLANG_WARN_INFINITE_RECURSION = YES;
				CLANG_WARN_INT_CONVERSION = YES;
				CLANG_WARN_NON_LITERAL_NULL_CONVERSION = YES;
				CLANG_WARN_OBJC_LITERAL_CONVERSION = YES;
				CLANG_WARN_OBJC_ROOT_CLASS = YES_ERROR;
				CLANG_WARN_RANGE_LOOP_ANALYSIS = YES;
				CLANG_WARN_STRICT_PROTOTYPES = YES;
				CLANG_WARN_SUSPICIOUS_MOVE = YES;
				CLANG_WARN_UNGUARDED_AVAILABILITY = YES_AGGRESSIVE;
				CLANG_WARN_UNREACHABLE_CODE = YES;
				CLANG_WARN__DUPLICATE_METHOD_MATCH = YES;
				CODE_SIGN_IDENTITY = "iPhone Developer";
				COPY_PHASE_STRIP = NO;
				DEBUG_INFORMATION_FORMAT = "dwarf-with-dsym";
				ENABLE_NS_ASSERTIONS = NO;
				ENABLE_STRICT_OBJC_MSGSEND = YES;
				GCC_C_LANGUAGE_STANDARD = gnu11;
				GCC_NO_COMMON_BLOCKS = YES;
				GCC_WARN_64_TO_32_BIT_CONVERSION = YES;
				GCC_WARN_ABOUT_RETURN_TYPE = YES_ERROR;
				GCC_WARN_UNDECLARED_SELECTOR = YES;
				GCC_WARN_UNINITIALIZED_AUTOS = YES_AGGRESSIVE;
				GCC_WARN_UNUSED_FUNCTION = YES;
				GCC_WARN_UNUSED_VARIABLE = YES;
				IPHONEOS_DEPLOYMENT_TARGET = 11.2;
				MTL_ENABLE_DEBUG_INFO = NO;
				SDKROOT = iphoneos;
				VALIDATE_PRODUCT = YES;
			};
			name = Release;
		};
		7A1A9E19209228D200ED7A2D /* Debug */ = {
			isa = XCBuildConfiguration;
			baseConfigurationReference = 68648231837928FCC9009567 /* Pods-Demo.debug.xcconfig */;
			buildSettings = {
				ASSETCATALOG_COMPILER_APPICON_NAME = AppIcon;
				CODE_SIGN_STYLE = Automatic;
				INFOPLIST_FILE = Demo/Info.plist;
				LD_RUNPATH_SEARCH_PATHS = "$(inherited) @executable_path/Frameworks";
				PRODUCT_BUNDLE_IDENTIFIER = com.study.Demo;
				PRODUCT_NAME = "$(TARGET_NAME)";
				TARGETED_DEVICE_FAMILY = "1,2";
			};
			name = Debug;
		};
		7A1A9E1A209228D200ED7A2D /* Release */ = {
			isa = XCBuildConfiguration;
			baseConfigurationReference = 3909049414347F906A2A27CF /* Pods-Demo.release.xcconfig */;
			buildSettings = {
				ASSETCATALOG_COMPILER_APPICON_NAME = AppIcon;
				CODE_SIGN_STYLE = Automatic;
				INFOPLIST_FILE = Demo/Info.plist;
				LD_RUNPATH_SEARCH_PATHS = "$(inherited) @executable_path/Frameworks";
				PRODUCT_BUNDLE_IDENTIFIER = com.study.Demo;
				PRODUCT_NAME = "$(TARGET_NAME)";
				TARGETED_DEVICE_FAMILY = "1,2";
			};
			name = Release;
		};
/* End XCBuildConfiguration section */

/* Begin XCConfigurationList section */
		7A1A9DFD209228D200ED7A2D /* Build configuration list for PBXProject "Demo" */ = {
			isa = XCConfigurationList;
			buildConfigurations = (
				7A1A9E16209228D200ED7A2D /* Debug */,
				7A1A9E17209228D200ED7A2D /* Release */,
			);
			defaultConfigurationIsVisible = 0;
			defaultConfigurationName = Release;
		};
		7A1A9E18209228D200ED7A2D /* Build configuration list for PBXNativeTarget "Demo" */ = {
			isa = XCConfigurationList;
			buildConfigurations = (
				7A1A9E19209228D200ED7A2D /* Debug */,
				7A1A9E1A209228D200ED7A2D /* Release */,
			);
			defaultConfigurationIsVisible = 0;
			defaultConfigurationName = Release;
		};
/* End XCConfigurationList section */
	};
	rootObject = 7A1A9DFA209228D200ED7A2D /* Project object */;
}
